// !$*UTF8*$!
{
	archiveVersion = 1;
	classes = {
	};
	objectVersion = 54;
	objects = {

/* Begin PBXBuildFile section */
		02796D052975080800EEB9DA /* AppDelegate.swift in Sources */ = {isa = PBXBuildFile; fileRef = 02796D042975080800EEB9DA /* AppDelegate.swift */; };
		02796D072975080800EEB9DA /* SceneDelegate.swift in Sources */ = {isa = PBXBuildFile; fileRef = 02796D062975080800EEB9DA /* SceneDelegate.swift */; };
		02796D092975080800EEB9DA /* ViewController.swift in Sources */ = {isa = PBXBuildFile; fileRef = 02796D082975080800EEB9DA /* ViewController.swift */; };
		02796D0C2975080800EEB9DA /* Main.storyboard in Resources */ = {isa = PBXBuildFile; fileRef = 02796D0A2975080800EEB9DA /* Main.storyboard */; };
		02796D0E2975080900EEB9DA /* Assets.xcassets in Resources */ = {isa = PBXBuildFile; fileRef = 02796D0D2975080900EEB9DA /* Assets.xcassets */; };
		02796D112975080900EEB9DA /* LaunchScreen.storyboard in Resources */ = {isa = PBXBuildFile; fileRef = 02796D0F2975080900EEB9DA /* LaunchScreen.storyboard */; };
		02796D2129750B1300EEB9DA /* 2.png in Resources */ = {isa = PBXBuildFile; fileRef = 02796D1B29750B1300EEB9DA /* 2.png */; };
		02796D2229750B1300EEB9DA /* 1.png in Resources */ = {isa = PBXBuildFile; fileRef = 02796D1C29750B1300EEB9DA /* 1.png */; };
		02796D2329750B1300EEB9DA /* 6.png in Resources */ = {isa = PBXBuildFile; fileRef = 02796D1D29750B1300EEB9DA /* 6.png */; };
		02796D2429750B1300EEB9DA /* 4.png in Resources */ = {isa = PBXBuildFile; fileRef = 02796D1E29750B1300EEB9DA /* 4.png */; };
		02796D2529750B1300EEB9DA /* 3.png in Resources */ = {isa = PBXBuildFile; fileRef = 02796D1F29750B1300EEB9DA /* 3.png */; };
		02796D2629750B1300EEB9DA /* 5.png in Resources */ = {isa = PBXBuildFile; fileRef = 02796D2029750B1300EEB9DA /* 5.png */; };
		02796D2829750B5E00EEB9DA /* 7.png in Resources */ = {isa = PBXBuildFile; fileRef = 02796D2729750B5E00EEB9DA /* 7.png */; };
		02796D2A29750DA000EEB9DA /* 8.png in Resources */ = {isa = PBXBuildFile; fileRef = 02796D2929750DA000EEB9DA /* 8.png */; };
		02796D2C29750E9900EEB9DA /* 9.png in Resources */ = {isa = PBXBuildFile; fileRef = 02796D2B29750E9900EEB9DA /* 9.png */; };
		02796D2E297510E200EEB9DA /* 10.png in Resources */ = {isa = PBXBuildFile; fileRef = 02796D2D297510E200EEB9DA /* 10.png */; };
/* End PBXBuildFile section */

/* Begin PBXFileReference section */
		02796D012975080800EEB9DA /* ChessUIKit.app */ = {isa = PBXFileReference; explicitFileType = wrapper.application; includeInIndex = 0; path = ChessUIKit.app; sourceTree = BUILT_PRODUCTS_DIR; };
		02796D042975080800EEB9DA /* AppDelegate.swift */ = {isa = PBXFileReference; lastKnownFileType = sourcecode.swift; path = AppDelegate.swift; sourceTree = "<group>"; };
		02796D062975080800EEB9DA /* SceneDelegate.swift */ = {isa = PBXFileReference; lastKnownFileType = sourcecode.swift; path = SceneDelegate.swift; sourceTree = "<group>"; };
		02796D082975080800EEB9DA /* ViewController.swift */ = {isa = PBXFileReference; lastKnownFileType = sourcecode.swift; path = ViewController.swift; sourceTree = "<group>"; };
		02796D0B2975080800EEB9DA /* Base */ = {isa = PBXFileReference; lastKnownFileType = file.storyboard; name = Base; path = Base.lproj/Main.storyboard; sourceTree = "<group>"; };
		02796D0D2975080900EEB9DA /* Assets.xcassets */ = {isa = PBXFileReference; lastKnownFileType = folder.assetcatalog; path = Assets.xcassets; sourceTree = "<group>"; };
		02796D102975080900EEB9DA /* Base */ = {isa = PBXFileReference; lastKnownFileType = file.storyboard; name = Base; path = Base.lproj/LaunchScreen.storyboard; sourceTree = "<group>"; };
		02796D122975080900EEB9DA /* Info.plist */ = {isa = PBXFileReference; lastKnownFileType = text.plist.xml; path = Info.plist; sourceTree = "<group>"; };
		02796D1829750A1C00EEB9DA /* README.md */ = {isa = PBXFileReference; lastKnownFileType = net.daringfireball.markdown; path = README.md; sourceTree = "<group>"; };
		02796D1B29750B1300EEB9DA /* 2.png */ = {isa = PBXFileReference; lastKnownFileType = image.png; path = 2.png; sourceTree = "<group>"; };
		02796D1C29750B1300EEB9DA /* 1.png */ = {isa = PBXFileReference; lastKnownFileType = image.png; path = 1.png; sourceTree = "<group>"; };
		02796D1D29750B1300EEB9DA /* 6.png */ = {isa = PBXFileReference; lastKnownFileType = image.png; path = 6.png; sourceTree = "<group>"; };
		02796D1E29750B1300EEB9DA /* 4.png */ = {isa = PBXFileReference; lastKnownFileType = image.png; path = 4.png; sourceTree = "<group>"; };
		02796D1F29750B1300EEB9DA /* 3.png */ = {isa = PBXFileReference; lastKnownFileType = image.png; path = 3.png; sourceTree = "<group>"; };
		02796D2029750B1300EEB9DA /* 5.png */ = {isa = PBXFileReference; lastKnownFileType = image.png; path = 5.png; sourceTree = "<group>"; };
		02796D2729750B5E00EEB9DA /* 7.png */ = {isa = PBXFileReference; lastKnownFileType = image.png; path = 7.png; sourceTree = "<group>"; };
		02796D2929750DA000EEB9DA /* 8.png */ = {isa = PBXFileReference; lastKnownFileType = image.png; path = 8.png; sourceTree = "<group>"; };
		02796D2B29750E9900EEB9DA /* 9.png */ = {isa = PBXFileReference; lastKnownFileType = image.png; path = 9.png; sourceTree = "<group>"; };
		02796D2D297510E200EEB9DA /* 10.png */ = {isa = PBXFileReference; lastKnownFileType = image.png; path = 10.png; sourceTree = "<group>"; };
/* End PBXFileReference section */

/* Begin PBXFrameworksBuildPhase section */
		02796CFE2975080800EEB9DA /* Frameworks */ = {
			isa = PBXFrameworksBuildPhase;
			buildActionMask = 2147483647;
			files = (
			);
			runOnlyForDeploymentPostprocessing = 0;
		};
/* End PBXFrameworksBuildPhase section */

/* Begin PBXGroup section */
		02796CF82975080800EEB9DA = {
			isa = PBXGroup;
			children = (
				02796D1829750A1C00EEB9DA /* README.md */,
				02796D1929750AFA00EEB9DA /* img */,
				02796D032975080800EEB9DA /* ChessUIKit */,
				02796D022975080800EEB9DA /* Products */,
			);
			sourceTree = "<group>";
		};
		02796D022975080800EEB9DA /* Products */ = {
			isa = PBXGroup;
			children = (
				02796D012975080800EEB9DA /* ChessUIKit.app */,
			);
			name = Products;
			sourceTree = "<group>";
		};
		02796D032975080800EEB9DA /* ChessUIKit */ = {
			isa = PBXGroup;
			children = (
				02796D042975080800EEB9DA /* AppDelegate.swift */,
				02796D062975080800EEB9DA /* SceneDelegate.swift */,
				02796D082975080800EEB9DA /* ViewController.swift */,
				02796D0A2975080800EEB9DA /* Main.storyboard */,
				02796D0D2975080900EEB9DA /* Assets.xcassets */,
				02796D0F2975080900EEB9DA /* LaunchScreen.storyboard */,
				02796D122975080900EEB9DA /* Info.plist */,
			);
			path = ChessUIKit;
			sourceTree = "<group>";
		};
		02796D1929750AFA00EEB9DA /* img */ = {
			isa = PBXGroup;
			children = (
				02796D1A29750B0100EEB9DA /* 01 */,
			);
			path = img;
			sourceTree = "<group>";
		};
		02796D1A29750B0100EEB9DA /* 01 */ = {
			isa = PBXGroup;
			children = (
				02796D1C29750B1300EEB9DA /* 1.png */,
				02796D1B29750B1300EEB9DA /* 2.png */,
				02796D1F29750B1300EEB9DA /* 3.png */,
				02796D1E29750B1300EEB9DA /* 4.png */,
				02796D2029750B1300EEB9DA /* 5.png */,
				02796D1D29750B1300EEB9DA /* 6.png */,
				02796D2729750B5E00EEB9DA /* 7.png */,
				02796D2929750DA000EEB9DA /* 8.png */,
				02796D2B29750E9900EEB9DA /* 9.png */,
				02796D2D297510E200EEB9DA /* 10.png */,
			);
			path = 01;
			sourceTree = "<group>";
		};
/* End PBXGroup section */

/* Begin PBXNativeTarget section */
		02796D002975080800EEB9DA /* ChessUIKit */ = {
			isa = PBXNativeTarget;
			buildConfigurationList = 02796D152975080900EEB9DA /* Build configuration list for PBXNativeTarget "ChessUIKit" */;
			buildPhases = (
				02796CFD2975080800EEB9DA /* Sources */,
				02796CFE2975080800EEB9DA /* Frameworks */,
				02796CFF2975080800EEB9DA /* Resources */,
			);
			buildRules = (
			);
			dependencies = (
			);
			name = ChessUIKit;
			productName = ChessUIKit;
			productReference = 02796D012975080800EEB9DA /* ChessUIKit.app */;
			productType = "com.apple.product-type.application";
		};
/* End PBXNativeTarget section */

/* Begin PBXProject section */
		02796CF92975080800EEB9DA /* Project object */ = {
			isa = PBXProject;
			attributes = {
				BuildIndependentTargetsInParallel = 1;
				LastSwiftUpdateCheck = 1420;
				LastUpgradeCheck = 1420;
				TargetAttributes = {
					02796D002975080800EEB9DA = {
						CreatedOnToolsVersion = 14.2;
					};
				};
			};
			buildConfigurationList = 02796CFC2975080800EEB9DA /* Build configuration list for PBXProject "ChessUIKit" */;
			compatibilityVersion = "Xcode 12.0";
			developmentRegion = en;
			hasScannedForEncodings = 0;
			knownRegions = (
				en,
				Base,
			);
			mainGroup = 02796CF82975080800EEB9DA;
			productRefGroup = 02796D022975080800EEB9DA /* Products */;
			projectDirPath = "";
			projectRoot = "";
			targets = (
				02796D002975080800EEB9DA /* ChessUIKit */,
			);
		};
/* End PBXProject section */

/* Begin PBXResourcesBuildPhase section */
		02796CFF2975080800EEB9DA /* Resources */ = {
			isa = PBXResourcesBuildPhase;
			buildActionMask = 2147483647;
			files = (
				02796D2E297510E200EEB9DA /* 10.png in Resources */,
				02796D2A29750DA000EEB9DA /* 8.png in Resources */,
				02796D2329750B1300EEB9DA /* 6.png in Resources */,
				02796D2429750B1300EEB9DA /* 4.png in Resources */,
				02796D112975080900EEB9DA /* LaunchScreen.storyboard in Resources */,
				02796D2529750B1300EEB9DA /* 3.png in Resources */,
				02796D0E2975080900EEB9DA /* Assets.xcassets in Resources */,
				02796D2129750B1300EEB9DA /* 2.png in Resources */,
				02796D2629750B1300EEB9DA /* 5.png in Resources */,
				02796D2829750B5E00EEB9DA /* 7.png in Resources */,
				02796D2C29750E9900EEB9DA /* 9.png in Resources */,
				02796D0C2975080800EEB9DA /* Main.storyboard in Resources */,
				02796D2229750B1300EEB9DA /* 1.png in Resources */,
			);
			runOnlyForDeploymentPostprocessing = 0;
		};
/* End PBXResourcesBuildPhase section */

/* Begin PBXSourcesBuildPhase section */
		02796CFD2975080800EEB9DA /* Sources */ = {
			isa = PBXSourcesBuildPhase;
			buildActionMask = 2147483647;
			files = (
				02796D092975080800EEB9DA /* ViewController.swift in Sources */,
				02796D052975080800EEB9DA /* AppDelegate.swift in Sources */,
				02796D072975080800EEB9DA /* SceneDelegate.swift in Sources */,
			);
			runOnlyForDeploymentPostprocessing = 0;
		};
/* End PBXSourcesBuildPhase section */

/* Begin PBXVariantGroup section */
		02796D0A2975080800EEB9DA /* Main.storyboard */ = {
			isa = PBXVariantGroup;
			children = (
				02796D0B2975080800EEB9DA /* Base */,
			);
			name = Main.storyboard;
			sourceTree = "<group>";
		};
		02796D0F2975080900EEB9DA /* LaunchScreen.storyboard */ = {
			isa = PBXVariantGroup;
			children = (
				02796D102975080900EEB9DA /* Base */,
			);
			name = LaunchScreen.storyboard;
			sourceTree = "<group>";
		};
/* End PBXVariantGroup section */

/* Begin XCBuildConfiguration section */
		02796D132975080900EEB9DA /* Debug */ = {
			isa = XCBuildConfiguration;
			buildSettings = {
				ALWAYS_SEARCH_USER_PATHS = NO;
				CLANG_ANALYZER_NONNULL = YES;
				CLANG_ANALYZER_NUMBER_OBJECT_CONVERSION = YES_AGGRESSIVE;
				CLANG_CXX_LANGUAGE_STANDARD = "gnu++20";
				CLANG_ENABLE_MODULES = YES;
				CLANG_ENABLE_OBJC_ARC = YES;
				CLANG_ENABLE_OBJC_WEAK = YES;
				CLANG_WARN_BLOCK_CAPTURE_AUTORELEASING = YES;
				CLANG_WARN_BOOL_CONVERSION = YES;
				CLANG_WARN_COMMA = YES;
				CLANG_WARN_CONSTANT_CONVERSION = YES;
				CLANG_WARN_DEPRECATED_OBJC_IMPLEMENTATIONS = YES;
				CLANG_WARN_DIRECT_OBJC_ISA_USAGE = YES_ERROR;
				CLANG_WARN_DOCUMENTATION_COMMENTS = YES;
				CLANG_WARN_EMPTY_BODY = YES;
				CLANG_WARN_ENUM_CONVERSION = YES;
				CLANG_WARN_INFINITE_RECURSION = YES;
				CLANG_WARN_INT_CONVERSION = YES;
				CLANG_WARN_NON_LITERAL_NULL_CONVERSION = YES;
				CLANG_WARN_OBJC_IMPLICIT_RETAIN_SELF = YES;
				CLANG_WARN_OBJC_LITERAL_CONVERSION = YES;
				CLANG_WARN_OBJC_ROOT_CLASS = YES_ERROR;
				CLANG_WARN_QUOTED_INCLUDE_IN_FRAMEWORK_HEADER = YES;
				CLANG_WARN_RANGE_LOOP_ANALYSIS = YES;
				CLANG_WARN_STRICT_PROTOTYPES = YES;
				CLANG_WARN_SUSPICIOUS_MOVE = YES;
				CLANG_WARN_UNGUARDED_AVAILABILITY = YES_AGGRESSIVE;
				CLANG_WARN_UNREACHABLE_CODE = YES;
				CLANG_WARN__DUPLICATE_METHOD_MATCH = YES;
				COPY_PHASE_STRIP = NO;
				DEBUG_INFORMATION_FORMAT = dwarf;
				ENABLE_STRICT_OBJC_MSGSEND = YES;
				ENABLE_TESTABILITY = YES;
				GCC_C_LANGUAGE_STANDARD = gnu11;
				GCC_DYNAMIC_NO_PIC = NO;
				GCC_NO_COMMON_BLOCKS = YES;
				GCC_OPTIMIZATION_LEVEL = 0;
				GCC_PREPROCESSOR_DEFINITIONS = (
					"DEBUG=1",
					"$(inherited)",
				);
				GCC_WARN_64_TO_32_BIT_CONVERSION = YES;
				GCC_WARN_ABOUT_RETURN_TYPE = YES_ERROR;
				GCC_WARN_UNDECLARED_SELECTOR = YES;
				GCC_WARN_UNINITIALIZED_AUTOS = YES_AGGRESSIVE;
				GCC_WARN_UNUSED_FUNCTION = YES;
				GCC_WARN_UNUSED_VARIABLE = YES;
				IPHONEOS_DEPLOYMENT_TARGET = 16.2;
				MTL_ENABLE_DEBUG_INFO = INCLUDE_SOURCE;
				MTL_FAST_MATH = YES;
				ONLY_ACTIVE_ARCH = YES;
				SDKROOT = iphoneos;
				SWIFT_ACTIVE_COMPILATION_CONDITIONS = DEBUG;
				SWIFT_OPTIMIZATION_LEVEL = "-Onone";
			};
			name = Debug;
		};
		02796D142975080900EEB9DA /* Release */ = {
			isa = XCBuildConfiguration;
			buildSettings = {
				ALWAYS_SEARCH_USER_PATHS = NO;
				CLANG_ANALYZER_NONNULL = YES;
				CLANG_ANALYZER_NUMBER_OBJECT_CONVERSION = YES_AGGRESSIVE;
				CLANG_CXX_LANGUAGE_STANDARD = "gnu++20";
				CLANG_ENABLE_MODULES = YES;
				CLANG_ENABLE_OBJC_ARC = YES;
				CLANG_ENABLE_OBJC_WEAK = YES;
				CLANG_WARN_BLOCK_CAPTURE_AUTORELEASING = YES;
				CLANG_WARN_BOOL_CONVERSION = YES;
				CLANG_WARN_COMMA = YES;
				CLANG_WARN_CONSTANT_CONVERSION = YES;
				CLANG_WARN_DEPRECATED_OBJC_IMPLEMENTATIONS = YES;
				CLANG_WARN_DIRECT_OBJC_ISA_USAGE = YES_ERROR;
				CLANG_WARN_DOCUMENTATION_COMMENTS = YES;
				CLANG_WARN_EMPTY_BODY = YES;
				CLANG_WARN_ENUM_CONVERSION = YES;
				CLANG_WARN_INFINITE_RECURSION = YES;
				CLANG_WARN_INT_CONVERSION = YES;
				CLANG_WARN_NON_LITERAL_NULL_CONVERSION = YES;
				CLANG_WARN_OBJC_IMPLICIT_RETAIN_SELF = YES;
				CLANG_WARN_OBJC_LITERAL_CONVERSION = YES;
				CLANG_WARN_OBJC_ROOT_CLASS = YES_ERROR;
				CLANG_WARN_QUOTED_INCLUDE_IN_FRAMEWORK_HEADER = YES;
				CLANG_WARN_RANGE_LOOP_ANALYSIS = YES;
				CLANG_WARN_STRICT_PROTOTYPES = YES;
				CLANG_WARN_SUSPICIOUS_MOVE = YES;
				CLANG_WARN_UNGUARDED_AVAILABILITY = YES_AGGRESSIVE;
				CLANG_WARN_UNREACHABLE_CODE = YES;
				CLANG_WARN__DUPLICATE_METHOD_MATCH = YES;
				COPY_PHASE_STRIP = NO;
				DEBUG_INFORMATION_FORMAT = "dwarf-with-dsym";
				ENABLE_NS_ASSERTIONS = NO;
				ENABLE_STRICT_OBJC_MSGSEND = YES;
				GCC_C_LANGUAGE_STANDARD = gnu11;
				GCC_NO_COMMON_BLOCKS = YES;
				GCC_WARN_64_TO_32_BIT_CONVERSION = YES;
				GCC_WARN_ABOUT_RETURN_TYPE = YES_ERROR;
				GCC_WARN_UNDECLARED_SELECTOR = YES;
				GCC_WARN_UNINITIALIZED_AUTOS = YES_AGGRESSIVE;
				GCC_WARN_UNUSED_FUNCTION = YES;
				GCC_WARN_UNUSED_VARIABLE = YES;
				IPHONEOS_DEPLOYMENT_TARGET = 16.2;
				MTL_ENABLE_DEBUG_INFO = NO;
				MTL_FAST_MATH = YES;
				SDKROOT = iphoneos;
				SWIFT_COMPILATION_MODE = wholemodule;
				SWIFT_OPTIMIZATION_LEVEL = "-O";
				VALIDATE_PRODUCT = YES;
			};
			name = Release;
		};
		02796D162975080900EEB9DA /* Debug */ = {
			isa = XCBuildConfiguration;
			buildSettings = {
				ASSETCATALOG_COMPILER_APPICON_NAME = AppIcon;
				ASSETCATALOG_COMPILER_GLOBAL_ACCENT_COLOR_NAME = AccentColor;
				CODE_SIGN_STYLE = Automatic;
				CURRENT_PROJECT_VERSION = 1;
				DEVELOPMENT_TEAM = 723HTEFHBA;
				GENERATE_INFOPLIST_FILE = YES;
				INFOPLIST_FILE = ChessUIKit/Info.plist;
				INFOPLIST_KEY_CFBundleDisplayName = Chess;
				INFOPLIST_KEY_LSApplicationCategoryType = "public.app-category.games";
				INFOPLIST_KEY_UIApplicationSupportsIndirectInputEvents = YES;
				INFOPLIST_KEY_UILaunchStoryboardName = LaunchScreen;
				INFOPLIST_KEY_UIMainStoryboardFile = Main;
				INFOPLIST_KEY_UISupportedInterfaceOrientations = UIInterfaceOrientationPortrait;
				INFOPLIST_KEY_UISupportedInterfaceOrientations_iPad = "UIInterfaceOrientationLandscapeLeft UIInterfaceOrientationLandscapeRight UIInterfaceOrientationPortrait UIInterfaceOrientationPortraitUpsideDown";
				INFOPLIST_KEY_UIUserInterfaceStyle = Dark;
				IPHONEOS_DEPLOYMENT_TARGET = 14.0;
				LD_RUNPATH_SEARCH_PATHS = (
					"$(inherited)",
					"@executable_path/Frameworks",
				);
				MARKETING_VERSION = 0.1.1;
				PRODUCT_BUNDLE_IDENTIFIER = ru.fibeApp.ChessUIKit;
				PRODUCT_NAME = "$(TARGET_NAME)";
				SWIFT_EMIT_LOC_STRINGS = YES;
				SWIFT_VERSION = 5.0;
				TARGETED_DEVICE_FAMILY = "1,2";
			};
			name = Debug;
		};
		02796D172975080900EEB9DA /* Release */ = {
			isa = XCBuildConfiguration;
			buildSettings = {
				ASSETCATALOG_COMPILER_APPICON_NAME = AppIcon;
				ASSETCATALOG_COMPILER_GLOBAL_ACCENT_COLOR_NAME = AccentColor;
				CODE_SIGN_STYLE = Automatic;
				CURRENT_PROJECT_VERSION = 1;
				DEVELOPMENT_TEAM = 723HTEFHBA;
				GENERATE_INFOPLIST_FILE = YES;
				INFOPLIST_FILE = ChessUIKit/Info.plist;
				INFOPLIST_KEY_CFBundleDisplayName = Chess;
				INFOPLIST_KEY_LSApplicationCategoryType = "public.app-category.games";
				INFOPLIST_KEY_UIApplicationSupportsIndirectInputEvents = YES;
				INFOPLIST_KEY_UILaunchStoryboardName = LaunchScreen;
				INFOPLIST_KEY_UIMainStoryboardFile = Main;
				INFOPLIST_KEY_UISupportedInterfaceOrientations = UIInterfaceOrientationPortrait;
				INFOPLIST_KEY_UISupportedInterfaceOrientations_iPad = "UIInterfaceOrientationLandscapeLeft UIInterfaceOrientationLandscapeRight UIInterfaceOrientationPortrait UIInterfaceOrientationPortraitUpsideDown";
				INFOPLIST_KEY_UIUserInterfaceStyle = Dark;
				IPHONEOS_DEPLOYMENT_TARGET = 14.0;
				LD_RUNPATH_SEARCH_PATHS = (
					"$(inherited)",
					"@executable_path/Frameworks",
				);
				MARKETING_VERSION = 0.1.1;
				PRODUCT_BUNDLE_IDENTIFIER = ru.fibeApp.ChessUIKit;
				PRODUCT_NAME = "$(TARGET_NAME)";
				SWIFT_EMIT_LOC_STRINGS = YES;
				SWIFT_VERSION = 5.0;
				TARGETED_DEVICE_FAMILY = "1,2";
			};
			name = Release;
		};
/* End XCBuildConfiguration section */

/* Begin XCConfigurationList section */
		02796CFC2975080800EEB9DA /* Build configuration list for PBXProject "ChessUIKit" */ = {
			isa = XCConfigurationList;
			buildConfigurations = (
				02796D132975080900EEB9DA /* Debug */,
				02796D142975080900EEB9DA /* Release */,
			);
			defaultConfigurationIsVisible = 0;
			defaultConfigurationName = Release;
		};
		02796D152975080900EEB9DA /* Build configuration list for PBXNativeTarget "ChessUIKit" */ = {
			isa = XCConfigurationList;
			buildConfigurations = (
				02796D162975080900EEB9DA /* Debug */,
				02796D172975080900EEB9DA /* Release */,
			);
			defaultConfigurationIsVisible = 0;
			defaultConfigurationName = Release;
		};
/* End XCConfigurationList section */
	};
	rootObject = 02796CF92975080800EEB9DA /* Project object */;
}
